<Solution>
  <Folder Name="/src/">
    <Project Path="src/Devscribed.Admin.Application/Devscribed.Admin.Application.csproj" />
    <Project Path="src/Devscribed.Admin.Domain/Devscribed.Admin.Domain.csproj" />
    <Project Path="src/Devscribed.Admin.Infrastructure/Devscribed.Admin.Infrastructure.csproj" />
    <Project Path="src/Devscribed.Admin.Web/Devscribed.Admin.Web.csproj" />
  </Folder>
  <Folder Name="/tests/">
    <Project Path="tests/Devscribed.Admin.Tests/Devscribed.Admin.Tests.csproj" />
  </Folder>
</Solution>
