<Solution>
  <Folder Name="/src/">
    <Project Path="src/Devscribed.Admin.Web/Devscribed.Admin.Web.csproj" />
  </Folder>
  <Folder Name="/tests/">
    <Project Path="tests/Devscribed.Admin.Tests.E2E/Devscribed.Admin.Tests.E2E.csproj" />
    <Project Path="tests/Devscribed.Admin.Tests.Integration/Devscribed.Admin.Tests.Integration.csproj" />
    <Project Path="tests/Devscribed.Admin.Tests.Unit/Devscribed.Admin.Tests.Unit.csproj" />
  </Folder>
</Solution>
